
Microsoft Visual Studio Solution File, Format Version 12.00
# Visual Studio Version 17
VisualStudioVersion = 17.14.36414.22 d17.14
MinimumVisualStudioVersion = 10.0.40219.1
Project("{8BC9CEB8-8B4A-11D0-8D11-00A0C91BC942}") = "CharactersConsoleApplication", "CharactersConsoleApplication.vcxproj", "{D7AF588F-33C0-4119-B724-678588FD966B}"
EndProject
Global
	GlobalSection(SolutionConfigurationPlatforms) = preSolution
		Debug|x64 = Debug|x64
		Debug|x86 = Debug|x86
		Release|x64 = Release|x64
		Release|x86 = Release|x86
	EndGlobalSection
	GlobalSection(ProjectConfigurationPlatforms) = postSolution
		{D7AF588F-33C0-4119-B724-678588FD966B}.Debug|x64.ActiveCfg = Debug|x64
		{D7AF588F-33C0-4119-B724-678588FD966B}.Debug|x64.Build.0 = Debug|x64
		{D7AF588F-33C0-4119-B724-678588FD966B}.Debug|x86.ActiveCfg = Debug|Win32
		{D7AF588F-33C0-4119-B724-678588FD966B}.Debug|x86.Build.0 = Debug|Win32
		{D7AF588F-33C0-4119-B724-678588FD966B}.Release|x64.ActiveCfg = Release|x64
		{D7AF588F-33C0-4119-B724-678588FD966B}.Release|x64.Build.0 = Release|x64
		{D7AF588F-33C0-4119-B724-678588FD966B}.Release|x86.ActiveCfg = Release|Win32
		{D7AF588F-33C0-4119-B724-678588FD966B}.Release|x86.Build.0 = Release|Win32
	EndGlobalSection
	GlobalSection(SolutionProperties) = preSolution
		HideSolutionNode = FALSE
	EndGlobalSection
	GlobalSection(ExtensibilityGlobals) = postSolution
		SolutionGuid = {2720CB5B-1162-4AC5-BD9C-247322D8A104}
	EndGlobalSection
EndGlobal
